
Microsoft Visual Studio Solution File, Format Version 12.00
# Visual Studio Version 17
VisualStudioVersion = 17.0.32112.339
MinimumVisualStudioVersion = 10.0.40219.1
Project("{2150E333-8FDC-42A3-9474-1A3956D46DE8}") = "Solution Items", "Solution Items", "{A7B7247A-2A34-442B-ABD6-F2053B6B3C24}"
	ProjectSection(SolutionItems) = preProject
		cUrls.txt = cUrls.txt
		docker-compose.yaml = docker-compose.yaml
		Feedback.md = Feedback.md
		Readme.md = Readme.md
		requests.http = requests.http
	EndProjectSection
EndProject
Project("{2150E333-8FDC-42A3-9474-1A3956D46DE8}") = "src", "src", "{6EEFFC17-0168-412A-B597-B50291CB8C08}"
EndProject
Project("{2150E333-8FDC-42A3-9474-1A3956D46DE8}") = "tests", "tests", "{73D9322A-0BDD-4758-9AB2-17CEFBB32FCC}"
EndProject
Project("{9A19103F-16F7-4668-BE54-9A1E7A4F7556}") = "Cinema.API", "src\Cinema.API\Cinema.API.csproj", "{57EC7FCB-7170-4687-9501-30A510F310D2}"
EndProject
Project("{9A19103F-16F7-4668-BE54-9A1E7A4F7556}") = "Cinema.Application", "src\Cinema.Application\Cinema.Application.csproj", "{23225E93-4130-4E31-A7E9-B048332BF02A}"
EndProject
Project("{9A19103F-16F7-4668-BE54-9A1E7A4F7556}") = "Cinema.Contracts", "src\Cinema.Contracts\Cinema.Contracts.csproj", "{E1F07FBF-EC9C-48B4-BFE1-96E91B1D8F8A}"
EndProject
Project("{9A19103F-16F7-4668-BE54-9A1E7A4F7556}") = "Cinema.Domain", "src\Cinema.Domain\Cinema.Domain.csproj", "{F703752C-775F-4A0B-B841-CC0661035D9E}"
EndProject
Project("{9A19103F-16F7-4668-BE54-9A1E7A4F7556}") = "Cinema.Infrastructure", "src\Cinema.Infrastructure\Cinema.Infrastructure.csproj", "{FD5768E8-E67F-452E-AFF4-8CAC6F5B607D}"
EndProject
Global
	GlobalSection(SolutionConfigurationPlatforms) = preSolution
		Debug|Any CPU = Debug|Any CPU
		Release|Any CPU = Release|Any CPU
	EndGlobalSection
	GlobalSection(ProjectConfigurationPlatforms) = postSolution
		{57EC7FCB-7170-4687-9501-30A510F310D2}.Debug|Any CPU.ActiveCfg = Debug|Any CPU
		{57EC7FCB-7170-4687-9501-30A510F310D2}.Debug|Any CPU.Build.0 = Debug|Any CPU
		{57EC7FCB-7170-4687-9501-30A510F310D2}.Release|Any CPU.ActiveCfg = Release|Any CPU
		{57EC7FCB-7170-4687-9501-30A510F310D2}.Release|Any CPU.Build.0 = Release|Any CPU
		{23225E93-4130-4E31-A7E9-B048332BF02A}.Debug|Any CPU.ActiveCfg = Debug|Any CPU
		{23225E93-4130-4E31-A7E9-B048332BF02A}.Debug|Any CPU.Build.0 = Debug|Any CPU
		{23225E93-4130-4E31-A7E9-B048332BF02A}.Release|Any CPU.ActiveCfg = Release|Any CPU
		{23225E93-4130-4E31-A7E9-B048332BF02A}.Release|Any CPU.Build.0 = Release|Any CPU
		{E1F07FBF-EC9C-48B4-BFE1-96E91B1D8F8A}.Debug|Any CPU.ActiveCfg = Debug|Any CPU
		{E1F07FBF-EC9C-48B4-BFE1-96E91B1D8F8A}.Debug|Any CPU.Build.0 = Debug|Any CPU
		{E1F07FBF-EC9C-48B4-BFE1-96E91B1D8F8A}.Release|Any CPU.ActiveCfg = Release|Any CPU
		{E1F07FBF-EC9C-48B4-BFE1-96E91B1D8F8A}.Release|Any CPU.Build.0 = Release|Any CPU
		{F703752C-775F-4A0B-B841-CC0661035D9E}.Debug|Any CPU.ActiveCfg = Debug|Any CPU
		{F703752C-775F-4A0B-B841-CC0661035D9E}.Debug|Any CPU.Build.0 = Debug|Any CPU
		{F703752C-775F-4A0B-B841-CC0661035D9E}.Release|Any CPU.ActiveCfg = Release|Any CPU
		{F703752C-775F-4A0B-B841-CC0661035D9E}.Release|Any CPU.Build.0 = Release|Any CPU
		{FD5768E8-E67F-452E-AFF4-8CAC6F5B607D}.Debug|Any CPU.ActiveCfg = Debug|Any CPU
		{FD5768E8-E67F-452E-AFF4-8CAC6F5B607D}.Debug|Any CPU.Build.0 = Debug|Any CPU
		{FD5768E8-E67F-452E-AFF4-8CAC6F5B607D}.Release|Any CPU.ActiveCfg = Release|Any CPU
		{FD5768E8-E67F-452E-AFF4-8CAC6F5B607D}.Release|Any CPU.Build.0 = Release|Any CPU
	EndGlobalSection
	GlobalSection(SolutionProperties) = preSolution
		HideSolutionNode = FALSE
	EndGlobalSection
	GlobalSection(NestedProjects) = preSolution
		{57EC7FCB-7170-4687-9501-30A510F310D2} = {6EEFFC17-0168-412A-B597-B50291CB8C08}
		{23225E93-4130-4E31-A7E9-B048332BF02A} = {6EEFFC17-0168-412A-B597-B50291CB8C08}
		{E1F07FBF-EC9C-48B4-BFE1-96E91B1D8F8A} = {6EEFFC17-0168-412A-B597-B50291CB8C08}
		{F703752C-775F-4A0B-B841-CC0661035D9E} = {6EEFFC17-0168-412A-B597-B50291CB8C08}
		{FD5768E8-E67F-452E-AFF4-8CAC6F5B607D} = {6EEFFC17-0168-412A-B597-B50291CB8C08}
	EndGlobalSection
	GlobalSection(ExtensibilityGlobals) = postSolution
		SolutionGuid = {C52A7E7E-4F02-4B44-B7D4-995DE72CF0B3}
	EndGlobalSection
EndGlobal
